
Microsoft Visual Studio Solution File, Format Version 12.00
# Visual Studio Version 16
VisualStudioVersion = 16.0.31702.278
MinimumVisualStudioVersion = 10.0.40219.1
Project("{FAE04EC0-301F-11D3-BF4B-00C04F79EFBC}") = "Task_1", "Task_1.csproj", "{5D1B77A5-C248-482D-AD5D-D13A38ABD73A}"
EndProject
Global
	GlobalSection(SolutionConfigurationPlatforms) = preSolution
		Debug|Any CPU = Debug|Any CPU
		Release|Any CPU = Release|Any CPU
	EndGlobalSection
	GlobalSection(ProjectConfigurationPlatforms) = postSolution
		{5D1B77A5-C248-482D-AD5D-D13A38ABD73A}.Debug|Any CPU.ActiveCfg = Debug|Any CPU
		{5D1B77A5-C248-482D-AD5D-D13A38ABD73A}.Debug|Any CPU.Build.0 = Debug|Any CPU
		{5D1B77A5-C248-482D-AD5D-D13A38ABD73A}.Release|Any CPU.ActiveCfg = Release|Any CPU
		{5D1B77A5-C248-482D-AD5D-D13A38ABD73A}.Release|Any CPU.Build.0 = Release|Any CPU
	EndGlobalSection
	GlobalSection(SolutionProperties) = preSolution
		HideSolutionNode = FALSE
	EndGlobalSection
	GlobalSection(ExtensibilityGlobals) = postSolution
		SolutionGuid = {CFC6F244-CC43-496A-A1C4-782CCA53EDE6}
	EndGlobalSection
EndGlobal
